
Microsoft Visual Studio Solution File, Format Version 12.00
# Visual Studio Version 17
VisualStudioVersion = 17.4.33205.214
MinimumVisualStudioVersion = 10.0.40219.1
Project("{FAE04EC0-301F-11D3-BF4B-00C04F79EFBC}") = "OutlookCampaign", "OutlookCampaign\OutlookCampaign.csproj", "{76CC9413-BF79-4511-9F90-744033380916}"
EndProject
Global
	GlobalSection(SolutionConfigurationPlatforms) = preSolution
		Debug|Any CPU = Debug|Any CPU
		Release|Any CPU = Release|Any CPU
	EndGlobalSection
	GlobalSection(ProjectConfigurationPlatforms) = postSolution
		{76CC9413-BF79-4511-9F90-744033380916}.Debug|Any CPU.ActiveCfg = Debug|Any CPU
		{76CC9413-BF79-4511-9F90-744033380916}.Debug|Any CPU.Build.0 = Debug|Any CPU
		{76CC9413-BF79-4511-9F90-744033380916}.Release|Any CPU.ActiveCfg = Release|Any CPU
		{76CC9413-BF79-4511-9F90-744033380916}.Release|Any CPU.Build.0 = Release|Any CPU
	EndGlobalSection
	GlobalSection(SolutionProperties) = preSolution
		HideSolutionNode = FALSE
	EndGlobalSection
	GlobalSection(ExtensibilityGlobals) = postSolution
		SolutionGuid = {328E97FD-7B80-4533-A833-1FA4E9C0DB12}
	EndGlobalSection
EndGlobal
